
Microsoft Visual Studio Solution File, Format Version 12.00
# Visual Studio Version 17
VisualStudioVersion = 17.6.33829.357
MinimumVisualStudioVersion = 10.0.40219.1
Project("{FAE04EC0-301F-11D3-BF4B-00C04F79EFBC}") = "Eaglestar", "Eaglestar\Eaglestar.csproj", "{37E7961A-133E-4F12-AD6B-7F56478D436F}"
EndProject
Project("{FAE04EC0-301F-11D3-BF4B-00C04F79EFBC}") = "Eaglestar.Console", "Eaglestar.Console\Eaglestar.Console.csproj", "{491E1C32-BC21-4E4B-B1AA-277B6A2FF7B3}"
EndProject
Global
	GlobalSection(SolutionConfigurationPlatforms) = preSolution
		Debug|Any CPU = Debug|Any CPU
		Release|Any CPU = Release|Any CPU
	EndGlobalSection
	GlobalSection(ProjectConfigurationPlatforms) = postSolution
		{37E7961A-133E-4F12-AD6B-7F56478D436F}.Debug|Any CPU.ActiveCfg = Debug|Any CPU
		{37E7961A-133E-4F12-AD6B-7F56478D436F}.Debug|Any CPU.Build.0 = Debug|Any CPU
		{37E7961A-133E-4F12-AD6B-7F56478D436F}.Release|Any CPU.ActiveCfg = Release|Any CPU
		{37E7961A-133E-4F12-AD6B-7F56478D436F}.Release|Any CPU.Build.0 = Release|Any CPU
		{491E1C32-BC21-4E4B-B1AA-277B6A2FF7B3}.Debug|Any CPU.ActiveCfg = Debug|Any CPU
		{491E1C32-BC21-4E4B-B1AA-277B6A2FF7B3}.Debug|Any CPU.Build.0 = Debug|Any CPU
		{491E1C32-BC21-4E4B-B1AA-277B6A2FF7B3}.Release|Any CPU.ActiveCfg = Release|Any CPU
		{491E1C32-BC21-4E4B-B1AA-277B6A2FF7B3}.Release|Any CPU.Build.0 = Release|Any CPU
	EndGlobalSection
	GlobalSection(SolutionProperties) = preSolution
		HideSolutionNode = FALSE
	EndGlobalSection
	GlobalSection(ExtensibilityGlobals) = postSolution
		SolutionGuid = {1A2B0336-BDDC-4A8E-878B-EFD29725A99A}
	EndGlobalSection
EndGlobal
